// !$*UTF8*$!
{
	archiveVersion = 1;
	classes = {
	};
	objectVersion = 50;
	objects = {

/* Begin PBXBuildFile section */
		491B12D1210ABC1900CF690F /* AppDelegate.m in Sources */ = {isa = PBXBuildFile; fileRef = 491B12D0210ABC1900CF690F /* AppDelegate.m */; };
		491B12D4210ABC1A00CF690F /* ViewController.m in Sources */ = {isa = PBXBuildFile; fileRef = 491B12D3210ABC1A00CF690F /* ViewController.m */; };
		491B12D7210ABC1A00CF690F /* Main.storyboard in Resources */ = {isa = PBXBuildFile; fileRef = 491B12D5210ABC1A00CF690F /* Main.storyboard */; };
		491B12D9210ABC1A00CF690F /* Assets.xcassets in Resources */ = {isa = PBXBuildFile; fileRef = 491B12D8210ABC1A00CF690F /* Assets.xcassets */; };
		491B12DC210ABC1A00CF690F /* LaunchScreen.storyboard in Resources */ = {isa = PBXBuildFile; fileRef = 491B12DA210ABC1A00CF690F /* LaunchScreen.storyboard */; };
		491B12DF210ABC1A00CF690F /* main.m in Sources */ = {isa = PBXBuildFile; fileRef = 491B12DE210ABC1A00CF690F /* main.m */; };
		491B12E7210BC74400CF690F /* DropitBehavior.m in Sources */ = {isa = PBXBuildFile; fileRef = 491B12E6210BC74400CF690F /* DropitBehavior.m */; };
		491B12ED21111D6100CF690F /* BezierPathView.m in Sources */ = {isa = PBXBuildFile; fileRef = 491B12EC21111D6100CF690F /* BezierPathView.m */; };
/* End PBXBuildFile section */

/* Begin PBXFileReference section */
		491B12CC210ABC1900CF690F /* Dropit.app */ = {isa = PBXFileReference; explicitFileType = wrapper.application; includeInIndex = 0; path = Dropit.app; sourceTree = BUILT_PRODUCTS_DIR; };
		491B12CF210ABC1900CF690F /* AppDelegate.h */ = {isa = PBXFileReference; lastKnownFileType = sourcecode.c.h; path = AppDelegate.h; sourceTree = "<group>"; };
		491B12D0210ABC1900CF690F /* AppDelegate.m */ = {isa = PBXFileReference; lastKnownFileType = sourcecode.c.objc; path = AppDelegate.m; sourceTree = "<group>"; };
		491B12D2210ABC1900CF690F /* ViewController.h */ = {isa = PBXFileReference; lastKnownFileType = sourcecode.c.h; path = ViewController.h; sourceTree = "<group>"; };
		491B12D3210ABC1A00CF690F /* ViewController.m */ = {isa = PBXFileReference; lastKnownFileType = sourcecode.c.objc; path = ViewController.m; sourceTree = "<group>"; };
		491B12D6210ABC1A00CF690F /* Base */ = {isa = PBXFileReference; lastKnownFileType = file.storyboard; name = Base; path = Base.lproj/Main.storyboard; sourceTree = "<group>"; };
		491B12D8210ABC1A00CF690F /* Assets.xcassets */ = {isa = PBXFileReference; lastKnownFileType = folder.assetcatalog; path = Assets.xcassets; sourceTree = "<group>"; };
		491B12DB210ABC1A00CF690F /* Base */ = {isa = PBXFileReference; lastKnownFileType = file.storyboard; name = Base; path = Base.lproj/LaunchScreen.storyboard; sourceTree = "<group>"; };
		491B12DD210ABC1A00CF690F /* Info.plist */ = {isa = PBXFileReference; lastKnownFileType = text.plist.xml; path = Info.plist; sourceTree = "<group>"; };
		491B12DE210ABC1A00CF690F /* main.m */ = {isa = PBXFileReference; lastKnownFileType = sourcecode.c.objc; path = main.m; sourceTree = "<group>"; };
		491B12E5210BC74400CF690F /* DropitBehavior.h */ = {isa = PBXFileReference; lastKnownFileType = sourcecode.c.h; path = DropitBehavior.h; sourceTree = "<group>"; };
		491B12E6210BC74400CF690F /* DropitBehavior.m */ = {isa = PBXFileReference; lastKnownFileType = sourcecode.c.objc; path = DropitBehavior.m; sourceTree = "<group>"; };
		491B12EB21111D6100CF690F /* BezierPathView.h */ = {isa = PBXFileReference; lastKnownFileType = sourcecode.c.h; path = BezierPathView.h; sourceTree = "<group>"; };
		491B12EC21111D6100CF690F /* BezierPathView.m */ = {isa = PBXFileReference; lastKnownFileType = sourcecode.c.objc; path = BezierPathView.m; sourceTree = "<group>"; };
/* End PBXFileReference section */

/* Begin PBXFrameworksBuildPhase section */
		491B12C9210ABC1900CF690F /* Frameworks */ = {
			isa = PBXFrameworksBuildPhase;
			buildActionMask = 2147483647;
			files = (
			);
			runOnlyForDeploymentPostprocessing = 0;
		};
/* End PBXFrameworksBuildPhase section */

/* Begin PBXGroup section */
		491B12C3210ABC1900CF690F = {
			isa = PBXGroup;
			children = (
				491B12CE210ABC1900CF690F /* Dropit */,
				491B12CD210ABC1900CF690F /* Products */,
			);
			sourceTree = "<group>";
		};
		491B12CD210ABC1900CF690F /* Products */ = {
			isa = PBXGroup;
			children = (
				491B12CC210ABC1900CF690F /* Dropit.app */,
			);
			name = Products;
			sourceTree = "<group>";
		};
		491B12CE210ABC1900CF690F /* Dropit */ = {
			isa = PBXGroup;
			children = (
				491B12CF210ABC1900CF690F /* AppDelegate.h */,
				491B12D0210ABC1900CF690F /* AppDelegate.m */,
				491B12D2210ABC1900CF690F /* ViewController.h */,
				491B12D3210ABC1A00CF690F /* ViewController.m */,
				491B12E5210BC74400CF690F /* DropitBehavior.h */,
				491B12E6210BC74400CF690F /* DropitBehavior.m */,
				491B12EB21111D6100CF690F /* BezierPathView.h */,
				491B12EC21111D6100CF690F /* BezierPathView.m */,
				491B12D5210ABC1A00CF690F /* Main.storyboard */,
				491B12D8210ABC1A00CF690F /* Assets.xcassets */,
				491B12DA210ABC1A00CF690F /* LaunchScreen.storyboard */,
				491B12DD210ABC1A00CF690F /* Info.plist */,
				491B12DE210ABC1A00CF690F /* main.m */,
			);
			path = Dropit;
			sourceTree = "<group>";
		};
/* End PBXGroup section */

/* Begin PBXNativeTarget section */
		491B12CB210ABC1900CF690F /* Dropit */ = {
			isa = PBXNativeTarget;
			buildConfigurationList = 491B12E2210ABC1A00CF690F /* Build configuration list for PBXNativeTarget "Dropit" */;
			buildPhases = (
				491B12C8210ABC1900CF690F /* Sources */,
				491B12C9210ABC1900CF690F /* Frameworks */,
				491B12CA210ABC1900CF690F /* Resources */,
			);
			buildRules = (
			);
			dependencies = (
			);
			name = Dropit;
			productName = Dropit;
			productReference = 491B12CC210ABC1900CF690F /* Dropit.app */;
			productType = "com.apple.product-type.application";
		};
/* End PBXNativeTarget section */

/* Begin PBXProject section */
		491B12C4210ABC1900CF690F /* Project object */ = {
			isa = PBXProject;
			attributes = {
				LastUpgradeCheck = 0940;
				ORGANIZATIONNAME = "李键超";
				TargetAttributes = {
					491B12CB210ABC1900CF690F = {
						CreatedOnToolsVersion = 9.4.1;
					};
				};
			};
			buildConfigurationList = 491B12C7210ABC1900CF690F /* Build configuration list for PBXProject "Dropit" */;
			compatibilityVersion = "Xcode 9.3";
			developmentRegion = en;
			hasScannedForEncodings = 0;
			knownRegions = (
				en,
				Base,
			);
			mainGroup = 491B12C3210ABC1900CF690F;
			productRefGroup = 491B12CD210ABC1900CF690F /* Products */;
			projectDirPath = "";
			projectRoot = "";
			targets = (
				491B12CB210ABC1900CF690F /* Dropit */,
			);
		};
/* End PBXProject section */

/* Begin PBXResourcesBuildPhase section */
		491B12CA210ABC1900CF690F /* Resources */ = {
			isa = PBXResourcesBuildPhase;
			buildActionMask = 2147483647;
			files = (
				491B12DC210ABC1A00CF690F /* LaunchScreen.storyboard in Resources */,
				491B12D9210ABC1A00CF690F /* Assets.xcassets in Resources */,
				491B12D7210ABC1A00CF690F /* Main.storyboard in Resources */,
			);
			runOnlyForDeploymentPostprocessing = 0;
		};
/* End PBXResourcesBuildPhase section */

/* Begin PBXSourcesBuildPhase section */
		491B12C8210ABC1900CF690F /* Sources */ = {
			isa = PBXSourcesBuildPhase;
			buildActionMask = 2147483647;
			files = (
				491B12D4210ABC1A00CF690F /* ViewController.m in Sources */,
				491B12E7210BC74400CF690F /* DropitBehavior.m in Sources */,
				491B12ED21111D6100CF690F /* BezierPathView.m in Sources */,
				491B12DF210ABC1A00CF690F /* main.m in Sources */,
				491B12D1210ABC1900CF690F /* AppDelegate.m in Sources */,
			);
			runOnlyForDeploymentPostprocessing = 0;
		};
/* End PBXSourcesBuildPhase section */

/* Begin PBXVariantGroup section */
		491B12D5210ABC1A00CF690F /* Main.storyboard */ = {
			isa = PBXVariantGroup;
			children = (
				491B12D6210ABC1A00CF690F /* Base */,
			);
			name = Main.storyboard;
			sourceTree = "<group>";
		};
		491B12DA210ABC1A00CF690F /* LaunchScreen.storyboard */ = {
			isa = PBXVariantGroup;
			children = (
				491B12DB210ABC1A00CF690F /* Base */,
			);
			name = LaunchScreen.storyboard;
			sourceTree = "<group>";
		};
/* End PBXVariantGroup section */

/* Begin XCBuildConfiguration section */
		491B12E0210ABC1A00CF690F /* Debug */ = {
			isa = XCBuildConfiguration;
			buildSettings = {
				ALWAYS_SEARCH_USER_PATHS = NO;
				CLANG_ANALYZER_NONNULL = YES;
				CLANG_ANALYZER_NUMBER_OBJECT_CONVERSION = YES_AGGRESSIVE;
				CLANG_CXX_LANGUAGE_STANDARD = "gnu++14";
				CLANG_CXX_LIBRARY = "libc++";
				CLANG_ENABLE_MODULES = YES;
				CLANG_ENABLE_OBJC_ARC = YES;
				CLANG_ENABLE_OBJC_WEAK = YES;
				CLANG_WARN_BLOCK_CAPTURE_AUTORELEASING = YES;
				CLANG_WARN_BOOL_CONVERSION = YES;
				CLANG_WARN_COMMA = YES;
				CLANG_WARN_CONSTANT_CONVERSION = YES;
				CLANG_WARN_DEPRECATED_OBJC_IMPLEMENTATIONS = YES;
				CLANG_WARN_DIRECT_OBJC_ISA_USAGE = YES_ERROR;
				CLANG_WARN_DOCUMENTATION_COMMENTS = YES;
				CLANG_WARN_EMPTY_BODY = YES;
				CLANG_WARN_ENUM_CONVERSION = YES;
				CLANG_WARN_INFINITE_RECURSION = YES;
				CLANG_WARN_INT_CONVERSION = YES;
				CLANG_WARN_NON_LITERAL_NULL_CONVERSION = YES;
				CLANG_WARN_OBJC_IMPLICIT_RETAIN_SELF = YES;
				CLANG_WARN_OBJC_LITERAL_CONVERSION = YES;
				CLANG_WARN_OBJC_ROOT_CLASS = YES_ERROR;
				CLANG_WARN_RANGE_LOOP_ANALYSIS = YES;
				CLANG_WARN_STRICT_PROTOTYPES = YES;
				CLANG_WARN_SUSPICIOUS_MOVE = YES;
				CLANG_WARN_UNGUARDED_AVAILABILITY = YES_AGGRESSIVE;
				CLANG_WARN_UNREACHABLE_CODE = YES;
				CLANG_WARN__DUPLICATE_METHOD_MATCH = YES;
				CODE_SIGN_IDENTITY = "iPhone Developer";
				COPY_PHASE_STRIP = NO;
				DEBUG_INFORMATION_FORMAT = dwarf;
				ENABLE_STRICT_OBJC_MSGSEND = YES;
				ENABLE_TESTABILITY = YES;
				GCC_C_LANGUAGE_STANDARD = gnu11;
				GCC_DYNAMIC_NO_PIC = NO;
				GCC_NO_COMMON_BLOCKS = YES;
				GCC_OPTIMIZATION_LEVEL = 0;
				GCC_PREPROCESSOR_DEFINITIONS = (
					"DEBUG=1",
					"$(inherited)",
				);
				GCC_WARN_64_TO_32_BIT_CONVERSION = YES;
				GCC_WARN_ABOUT_RETURN_TYPE = YES_ERROR;
				GCC_WARN_UNDECLARED_SELECTOR = YES;
				GCC_WARN_UNINITIALIZED_AUTOS = YES_AGGRESSIVE;
				GCC_WARN_UNUSED_FUNCTION = YES;
				GCC_WARN_UNUSED_VARIABLE = YES;
				IPHONEOS_DEPLOYMENT_TARGET = 11.4;
				MTL_ENABLE_DEBUG_INFO = YES;
				ONLY_ACTIVE_ARCH = YES;
				SDKROOT = iphoneos;
			};
			name = Debug;
		};
		491B12E1210ABC1A00CF690F /* Release */ = {
			isa = XCBuildConfiguration;
			buildSettings = {
				ALWAYS_SEARCH_USER_PATHS = NO;
				CLANG_ANALYZER_NONNULL = YES;
				CLANG_ANALYZER_NUMBER_OBJECT_CONVERSION = YES_AGGRESSIVE;
				CLANG_CXX_LANGUAGE_STANDARD = "gnu++14";
				CLANG_CXX_LIBRARY = "libc++";
				CLANG_ENABLE_MODULES = YES;
				CLANG_ENABLE_OBJC_ARC = YES;
				CLANG_ENABLE_OBJC_WEAK = YES;
				CLANG_WARN_BLOCK_CAPTURE_AUTORELEASING = YES;
				CLANG_WARN_BOOL_CONVERSION = YES;
				CLANG_WARN_COMMA = YES;
				CLANG_WARN_CONSTANT_CONVERSION = YES;
				CLANG_WARN_DEPRECATED_OBJC_IMPLEMENTATIONS = YES;
				CLANG_WARN_DIRECT_OBJC_ISA_USAGE = YES_ERROR;
				CLANG_WARN_DOCUMENTATION_COMMENTS = YES;
				CLANG_WARN_EMPTY_BODY = YES;
				CLANG_WARN_ENUM_CONVERSION = YES;
				CLANG_WARN_INFINITE_RECURSION = YES;
				CLANG_WARN_INT_CONVERSION = YES;
				CLANG_WARN_NON_LITERAL_NULL_CONVERSION = YES;
				CLANG_WARN_OBJC_IMPLICIT_RETAIN_SELF = YES;
				CLANG_WARN_OBJC_LITERAL_CONVERSION = YES;
				CLANG_WARN_OBJC_ROOT_CLASS = YES_ERROR;
				CLANG_WARN_RANGE_LOOP_ANALYSIS = YES;
				CLANG_WARN_STRICT_PROTOTYPES = YES;
				CLANG_WARN_SUSPICIOUS_MOVE = YES;
				CLANG_WARN_UNGUARDED_AVAILABILITY = YES_AGGRESSIVE;
				CLANG_WARN_UNREACHABLE_CODE = YES;
				CLANG_WARN__DUPLICATE_METHOD_MATCH = YES;
				CODE_SIGN_IDENTITY = "iPhone Developer";
				COPY_PHASE_STRIP = NO;
				DEBUG_INFORMATION_FORMAT = "dwarf-with-dsym";
				ENABLE_NS_ASSERTIONS = NO;
				ENABLE_STRICT_OBJC_MSGSEND = YES;
				GCC_C_LANGUAGE_STANDARD = gnu11;
				GCC_NO_COMMON_BLOCKS = YES;
				GCC_WARN_64_TO_32_BIT_CONVERSION = YES;
				GCC_WARN_ABOUT_RETURN_TYPE = YES_ERROR;
				GCC_WARN_UNDECLARED_SELECTOR = YES;
				GCC_WARN_UNINITIALIZED_AUTOS = YES_AGGRESSIVE;
				GCC_WARN_UNUSED_FUNCTION = YES;
				GCC_WARN_UNUSED_VARIABLE = YES;
				IPHONEOS_DEPLOYMENT_TARGET = 11.4;
				MTL_ENABLE_DEBUG_INFO = NO;
				SDKROOT = iphoneos;
				VALIDATE_PRODUCT = YES;
			};
			name = Release;
		};
		491B12E3210ABC1A00CF690F /* Debug */ = {
			isa = XCBuildConfiguration;
			buildSettings = {
				ASSETCATALOG_COMPILER_APPICON_NAME = AppIcon;
				CODE_SIGN_STYLE = Automatic;
				DEVELOPMENT_TEAM = 76D3AFCN9H;
				INFOPLIST_FILE = Dropit/Info.plist;
				LD_RUNPATH_SEARCH_PATHS = (
					"$(inherited)",
					"@executable_path/Frameworks",
				);
				PRODUCT_BUNDLE_IDENTIFIER = Personal.Dropit;
				PRODUCT_NAME = "$(TARGET_NAME)";
				TARGETED_DEVICE_FAMILY = "1,2";
			};
			name = Debug;
		};
		491B12E4210ABC1A00CF690F /* Release */ = {
			isa = XCBuildConfiguration;
			buildSettings = {
				ASSETCATALOG_COMPILER_APPICON_NAME = AppIcon;
				CODE_SIGN_STYLE = Automatic;
				DEVELOPMENT_TEAM = 76D3AFCN9H;
				INFOPLIST_FILE = Dropit/Info.plist;
				LD_RUNPATH_SEARCH_PATHS = (
					"$(inherited)",
					"@executable_path/Frameworks",
				);
				PRODUCT_BUNDLE_IDENTIFIER = Personal.Dropit;
				PRODUCT_NAME = "$(TARGET_NAME)";
				TARGETED_DEVICE_FAMILY = "1,2";
			};
			name = Release;
		};
/* End XCBuildConfiguration section */

/* Begin XCConfigurationList section */
		491B12C7210ABC1900CF690F /* Build configuration list for PBXProject "Dropit" */ = {
			isa = XCConfigurationList;
			buildConfigurations = (
				491B12E0210ABC1A00CF690F /* Debug */,
				491B12E1210ABC1A00CF690F /* Release */,
			);
			defaultConfigurationIsVisible = 0;
			defaultConfigurationName = Release;
		};
		491B12E2210ABC1A00CF690F /* Build configuration list for PBXNativeTarget "Dropit" */ = {
			isa = XCConfigurationList;
			buildConfigurations = (
				491B12E3210ABC1A00CF690F /* Debug */,
				491B12E4210ABC1A00CF690F /* Release */,
			);
			defaultConfigurationIsVisible = 0;
			defaultConfigurationName = Release;
		};
/* End XCConfigurationList section */
	};
	rootObject = 491B12C4210ABC1900CF690F /* Project object */;
}
